
Microsoft Visual Studio Solution File, Format Version 12.00
# Visual Studio Version 17
VisualStudioVersion = 17.0.31903.59
MinimumVisualStudioVersion = 10.0.40219.1
Project("{FAE04EC0-301F-11D3-BF4B-00C04F79EFBC}") = "Catalog.API", "Services\Catalog\Catalog.API\Catalog.API.csproj", "{C95D91C5-B79E-42A6-8BBC-F2627BB828E2}"
EndProject
Project("{2150E333-8FDC-42A3-9474-1A3956D46DE8}") = "BuildingBlocks", "BuildingBlocks", "{04B4BBA7-9B66-4EC9-9C2D-47734FB8BC02}"
EndProject
Project("{FAE04EC0-301F-11D3-BF4B-00C04F79EFBC}") = "BuildingBlocks", "BuildingBlocks\BuildingBlocks\BuildingBlocks.csproj", "{FE22FB15-66E6-4B31-8C74-7C8FAC78A717}"
EndProject
Project("{2150E333-8FDC-42A3-9474-1A3956D46DE8}") = "Solution Items", "Solution Items", "{A4CC5C36-EF5B-4D12-AE88-81356A6E6479}"
	ProjectSection(SolutionItems) = preProject
		docker-compose.yml = docker-compose.yml
	EndProjectSection
EndProject
Project("{FAE04EC0-301F-11D3-BF4B-00C04F79EFBC}") = "Basket.Api", "Services\Basket\Basket.Api\Basket.Api.csproj", "{7377890E-8A25-45D4-B543-5512432579E6}"
EndProject
Project("{FAE04EC0-301F-11D3-BF4B-00C04F79EFBC}") = "Discount.Grpc", "Services\Discount\Discount.Grpc\Discount.Grpc.csproj", "{748D9252-D05B-41C7-B0A0-3BE0B7E6591E}"
EndProject
Project("{FAE04EC0-301F-11D3-BF4B-00C04F79EFBC}") = "Ordering.API", "Services\Ordering\Ordering.API\Ordering.API.csproj", "{4DCC2146-848A-4DFD-ABA8-213C55D4E278}"
EndProject
Project("{FAE04EC0-301F-11D3-BF4B-00C04F79EFBC}") = "Ordering.Domain", "Services\Ordering\Ordering.Domain\Ordering.Domain.csproj", "{9E70B850-9BF9-4293-8528-0EF1EA00B7BD}"
EndProject
Project("{FAE04EC0-301F-11D3-BF4B-00C04F79EFBC}") = "Ordering.Application", "Services\Ordering\Ordering.Application\Ordering.Application.csproj", "{696F2D81-86CB-4D06-83AB-4413EF70C80C}"
EndProject
Project("{FAE04EC0-301F-11D3-BF4B-00C04F79EFBC}") = "Ordering.Infrastructure", "Services\Ordering\Ordering.Infrastructure\Ordering.Infrastructure.csproj", "{55545955-4C58-4253-9F86-765D014EEBE8}"
EndProject
Project("{FAE04EC0-301F-11D3-BF4B-00C04F79EFBC}") = "BuildingBlocks.Messaging", "BuildingBlocks\BuildingBlocks.Messaging\BuildingBlocks.Messaging.csproj", "{6305A2A4-1087-4530-8D39-2BCB6BA528EE}"
EndProject
Global
	GlobalSection(SolutionConfigurationPlatforms) = preSolution
		Debug|Any CPU = Debug|Any CPU
		Release|Any CPU = Release|Any CPU
	EndGlobalSection
	GlobalSection(SolutionProperties) = preSolution
		HideSolutionNode = FALSE
	EndGlobalSection
	GlobalSection(ProjectConfigurationPlatforms) = postSolution
		{C95D91C5-B79E-42A6-8BBC-F2627BB828E2}.Debug|Any CPU.ActiveCfg = Debug|Any CPU
		{C95D91C5-B79E-42A6-8BBC-F2627BB828E2}.Debug|Any CPU.Build.0 = Debug|Any CPU
		{C95D91C5-B79E-42A6-8BBC-F2627BB828E2}.Release|Any CPU.ActiveCfg = Release|Any CPU
		{C95D91C5-B79E-42A6-8BBC-F2627BB828E2}.Release|Any CPU.Build.0 = Release|Any CPU
		{FE22FB15-66E6-4B31-8C74-7C8FAC78A717}.Debug|Any CPU.ActiveCfg = Debug|Any CPU
		{FE22FB15-66E6-4B31-8C74-7C8FAC78A717}.Debug|Any CPU.Build.0 = Debug|Any CPU
		{FE22FB15-66E6-4B31-8C74-7C8FAC78A717}.Release|Any CPU.ActiveCfg = Release|Any CPU
		{FE22FB15-66E6-4B31-8C74-7C8FAC78A717}.Release|Any CPU.Build.0 = Release|Any CPU
		{7377890E-8A25-45D4-B543-5512432579E6}.Debug|Any CPU.ActiveCfg = Debug|Any CPU
		{7377890E-8A25-45D4-B543-5512432579E6}.Debug|Any CPU.Build.0 = Debug|Any CPU
		{7377890E-8A25-45D4-B543-5512432579E6}.Release|Any CPU.ActiveCfg = Release|Any CPU
		{7377890E-8A25-45D4-B543-5512432579E6}.Release|Any CPU.Build.0 = Release|Any CPU
		{748D9252-D05B-41C7-B0A0-3BE0B7E6591E}.Debug|Any CPU.ActiveCfg = Debug|Any CPU
		{748D9252-D05B-41C7-B0A0-3BE0B7E6591E}.Debug|Any CPU.Build.0 = Debug|Any CPU
		{748D9252-D05B-41C7-B0A0-3BE0B7E6591E}.Release|Any CPU.ActiveCfg = Release|Any CPU
		{748D9252-D05B-41C7-B0A0-3BE0B7E6591E}.Release|Any CPU.Build.0 = Release|Any CPU
		{4DCC2146-848A-4DFD-ABA8-213C55D4E278}.Debug|Any CPU.ActiveCfg = Debug|Any CPU
		{4DCC2146-848A-4DFD-ABA8-213C55D4E278}.Debug|Any CPU.Build.0 = Debug|Any CPU
		{4DCC2146-848A-4DFD-ABA8-213C55D4E278}.Release|Any CPU.ActiveCfg = Release|Any CPU
		{4DCC2146-848A-4DFD-ABA8-213C55D4E278}.Release|Any CPU.Build.0 = Release|Any CPU
		{9E70B850-9BF9-4293-8528-0EF1EA00B7BD}.Debug|Any CPU.ActiveCfg = Debug|Any CPU
		{9E70B850-9BF9-4293-8528-0EF1EA00B7BD}.Debug|Any CPU.Build.0 = Debug|Any CPU
		{9E70B850-9BF9-4293-8528-0EF1EA00B7BD}.Release|Any CPU.ActiveCfg = Release|Any CPU
		{9E70B850-9BF9-4293-8528-0EF1EA00B7BD}.Release|Any CPU.Build.0 = Release|Any CPU
		{696F2D81-86CB-4D06-83AB-4413EF70C80C}.Debug|Any CPU.ActiveCfg = Debug|Any CPU
		{696F2D81-86CB-4D06-83AB-4413EF70C80C}.Debug|Any CPU.Build.0 = Debug|Any CPU
		{696F2D81-86CB-4D06-83AB-4413EF70C80C}.Release|Any CPU.ActiveCfg = Release|Any CPU
		{696F2D81-86CB-4D06-83AB-4413EF70C80C}.Release|Any CPU.Build.0 = Release|Any CPU
		{55545955-4C58-4253-9F86-765D014EEBE8}.Debug|Any CPU.ActiveCfg = Debug|Any CPU
		{55545955-4C58-4253-9F86-765D014EEBE8}.Debug|Any CPU.Build.0 = Debug|Any CPU
		{55545955-4C58-4253-9F86-765D014EEBE8}.Release|Any CPU.ActiveCfg = Release|Any CPU
		{55545955-4C58-4253-9F86-765D014EEBE8}.Release|Any CPU.Build.0 = Release|Any CPU
		{6305A2A4-1087-4530-8D39-2BCB6BA528EE}.Debug|Any CPU.ActiveCfg = Debug|Any CPU
		{6305A2A4-1087-4530-8D39-2BCB6BA528EE}.Debug|Any CPU.Build.0 = Debug|Any CPU
		{6305A2A4-1087-4530-8D39-2BCB6BA528EE}.Release|Any CPU.ActiveCfg = Release|Any CPU
		{6305A2A4-1087-4530-8D39-2BCB6BA528EE}.Release|Any CPU.Build.0 = Release|Any CPU
	EndGlobalSection
	GlobalSection(NestedProjects) = preSolution
		{FE22FB15-66E6-4B31-8C74-7C8FAC78A717} = {04B4BBA7-9B66-4EC9-9C2D-47734FB8BC02}
		{6305A2A4-1087-4530-8D39-2BCB6BA528EE} = {04B4BBA7-9B66-4EC9-9C2D-47734FB8BC02}
	EndGlobalSection
EndGlobal
